
Microsoft Visual Studio Solution File, Format Version 12.00
# Visual Studio 15
VisualStudioVersion = 15.0.28307.329
MinimumVisualStudioVersion = 10.0.40219.1
Project("{FAE04EC0-301F-11D3-BF4B-00C04F79EFBC}") = "Znamky.Android", "Znamky\Znamky.Android\Znamky.Android.csproj", "{166B4DD1-5370-4CD8-AED2-77341335AEEF}"
EndProject
Project("{FAE04EC0-301F-11D3-BF4B-00C04F79EFBC}") = "Znamky.iOS", "Znamky\Znamky.iOS\Znamky.iOS.csproj", "{77409198-2F46-4FA7-9B8F-EAD3B91B0615}"
EndProject
Project("{FAE04EC0-301F-11D3-BF4B-00C04F79EFBC}") = "Znamky.UWP", "Znamky\Znamky.UWP\Znamky.UWP.csproj", "{0CEDFB17-3E36-4BCD-AAFC-5F80D595F0D5}"
EndProject
Project("{FAE04EC0-301F-11D3-BF4B-00C04F79EFBC}") = "Znamky", "Znamky\Znamky\Znamky.csproj", "{8F47E44B-CA07-44ED-B696-F39FEB01DC47}"
EndProject
Project("{FAE04EC0-301F-11D3-BF4B-00C04F79EFBC}") = "ZnamkyConsole", "ZnamkyConsole\ZnamkyConsole.csproj", "{A5212B5E-FC30-413E-B2A5-3D6FA61293FF}"
EndProject
Project("{FAE04EC0-301F-11D3-BF4B-00C04F79EFBC}") = "ClassLibrary1", "ClassLibrary1\ClassLibrary1.csproj", "{B8752E99-595D-4BDB-8C26-9D6C8128D9A5}"
EndProject
Global
	GlobalSection(SolutionConfigurationPlatforms) = preSolution
		Ad-Hoc|Any CPU = Ad-Hoc|Any CPU
		Ad-Hoc|ARM = Ad-Hoc|ARM
		Ad-Hoc|iPhone = Ad-Hoc|iPhone
		Ad-Hoc|iPhoneSimulator = Ad-Hoc|iPhoneSimulator
		Ad-Hoc|x64 = Ad-Hoc|x64
		Ad-Hoc|x86 = Ad-Hoc|x86
		AppStore|Any CPU = AppStore|Any CPU
		AppStore|ARM = AppStore|ARM
		AppStore|iPhone = AppStore|iPhone
		AppStore|iPhoneSimulator = AppStore|iPhoneSimulator
		AppStore|x64 = AppStore|x64
		AppStore|x86 = AppStore|x86
		Debug|Any CPU = Debug|Any CPU
		Debug|ARM = Debug|ARM
		Debug|iPhone = Debug|iPhone
		Debug|iPhoneSimulator = Debug|iPhoneSimulator
		Debug|x64 = Debug|x64
		Debug|x86 = Debug|x86
		Release|Any CPU = Release|Any CPU
		Release|ARM = Release|ARM
		Release|iPhone = Release|iPhone
		Release|iPhoneSimulator = Release|iPhoneSimulator
		Release|x64 = Release|x64
		Release|x86 = Release|x86
	EndGlobalSection
	GlobalSection(ProjectConfigurationPlatforms) = postSolution
		{166B4DD1-5370-4CD8-AED2-77341335AEEF}.Ad-Hoc|Any CPU.ActiveCfg = Release|Any CPU
		{166B4DD1-5370-4CD8-AED2-77341335AEEF}.Ad-Hoc|Any CPU.Build.0 = Release|Any CPU
		{166B4DD1-5370-4CD8-AED2-77341335AEEF}.Ad-Hoc|Any CPU.Deploy.0 = Release|Any CPU
		{166B4DD1-5370-4CD8-AED2-77341335AEEF}.Ad-Hoc|ARM.ActiveCfg = Release|Any CPU
		{166B4DD1-5370-4CD8-AED2-77341335AEEF}.Ad-Hoc|ARM.Build.0 = Release|Any CPU
		{166B4DD1-5370-4CD8-AED2-77341335AEEF}.Ad-Hoc|ARM.Deploy.0 = Release|Any CPU
		{166B4DD1-5370-4CD8-AED2-77341335AEEF}.Ad-Hoc|iPhone.ActiveCfg = Release|Any CPU
		{166B4DD1-5370-4CD8-AED2-77341335AEEF}.Ad-Hoc|iPhone.Build.0 = Release|Any CPU
		{166B4DD1-5370-4CD8-AED2-77341335AEEF}.Ad-Hoc|iPhone.Deploy.0 = Release|Any CPU
		{166B4DD1-5370-4CD8-AED2-77341335AEEF}.Ad-Hoc|iPhoneSimulator.ActiveCfg = Release|Any CPU
		{166B4DD1-5370-4CD8-AED2-77341335AEEF}.Ad-Hoc|iPhoneSimulator.Build.0 = Release|Any CPU
		{166B4DD1-5370-4CD8-AED2-77341335AEEF}.Ad-Hoc|iPhoneSimulator.Deploy.0 = Release|Any CPU
		{166B4DD1-5370-4CD8-AED2-77341335AEEF}.Ad-Hoc|x64.ActiveCfg = Release|Any CPU
		{166B4DD1-5370-4CD8-AED2-77341335AEEF}.Ad-Hoc|x64.Build.0 = Release|Any CPU
		{166B4DD1-5370-4CD8-AED2-77341335AEEF}.Ad-Hoc|x64.Deploy.0 = Release|Any CPU
		{166B4DD1-5370-4CD8-AED2-77341335AEEF}.Ad-Hoc|x86.ActiveCfg = Release|Any CPU
		{166B4DD1-5370-4CD8-AED2-77341335AEEF}.Ad-Hoc|x86.Build.0 = Release|Any CPU
		{166B4DD1-5370-4CD8-AED2-77341335AEEF}.Ad-Hoc|x86.Deploy.0 = Release|Any CPU
		{166B4DD1-5370-4CD8-AED2-77341335AEEF}.AppStore|Any CPU.ActiveCfg = Release|Any CPU
		{166B4DD1-5370-4CD8-AED2-77341335AEEF}.AppStore|Any CPU.Build.0 = Release|Any CPU
		{166B4DD1-5370-4CD8-AED2-77341335AEEF}.AppStore|Any CPU.Deploy.0 = Release|Any CPU
		{166B4DD1-5370-4CD8-AED2-77341335AEEF}.AppStore|ARM.ActiveCfg = Release|Any CPU
		{166B4DD1-5370-4CD8-AED2-77341335AEEF}.AppStore|ARM.Build.0 = Release|Any CPU
		{166B4DD1-5370-4CD8-AED2-77341335AEEF}.AppStore|ARM.Deploy.0 = Release|Any CPU
		{166B4DD1-5370-4CD8-AED2-77341335AEEF}.AppStore|iPhone.ActiveCfg = Release|Any CPU
		{166B4DD1-5370-4CD8-AED2-77341335AEEF}.AppStore|iPhone.Build.0 = Release|Any CPU
		{166B4DD1-5370-4CD8-AED2-77341335AEEF}.AppStore|iPhone.Deploy.0 = Release|Any CPU
		{166B4DD1-5370-4CD8-AED2-77341335AEEF}.AppStore|iPhoneSimulator.ActiveCfg = Release|Any CPU
		{166B4DD1-5370-4CD8-AED2-77341335AEEF}.AppStore|iPhoneSimulator.Build.0 = Release|Any CPU
		{166B4DD1-5370-4CD8-AED2-77341335AEEF}.AppStore|iPhoneSimulator.Deploy.0 = Release|Any CPU
		{166B4DD1-5370-4CD8-AED2-77341335AEEF}.AppStore|x64.ActiveCfg = Release|Any CPU
		{166B4DD1-5370-4CD8-AED2-77341335AEEF}.AppStore|x64.Build.0 = Release|Any CPU
		{166B4DD1-5370-4CD8-AED2-77341335AEEF}.AppStore|x64.Deploy.0 = Release|Any CPU
		{166B4DD1-5370-4CD8-AED2-77341335AEEF}.AppStore|x86.ActiveCfg = Release|Any CPU
		{166B4DD1-5370-4CD8-AED2-77341335AEEF}.AppStore|x86.Build.0 = Release|Any CPU
		{166B4DD1-5370-4CD8-AED2-77341335AEEF}.AppStore|x86.Deploy.0 = Release|Any CPU
		{166B4DD1-5370-4CD8-AED2-77341335AEEF}.Debug|Any CPU.ActiveCfg = Debug|Any CPU
		{166B4DD1-5370-4CD8-AED2-77341335AEEF}.Debug|Any CPU.Build.0 = Debug|Any CPU
		{166B4DD1-5370-4CD8-AED2-77341335AEEF}.Debug|Any CPU.Deploy.0 = Debug|Any CPU
		{166B4DD1-5370-4CD8-AED2-77341335AEEF}.Debug|ARM.ActiveCfg = Debug|Any CPU
		{166B4DD1-5370-4CD8-AED2-77341335AEEF}.Debug|ARM.Build.0 = Debug|Any CPU
		{166B4DD1-5370-4CD8-AED2-77341335AEEF}.Debug|ARM.Deploy.0 = Debug|Any CPU
		{166B4DD1-5370-4CD8-AED2-77341335AEEF}.Debug|iPhone.ActiveCfg = Debug|Any CPU
		{166B4DD1-5370-4CD8-AED2-77341335AEEF}.Debug|iPhone.Build.0 = Debug|Any CPU
		{166B4DD1-5370-4CD8-AED2-77341335AEEF}.Debug|iPhone.Deploy.0 = Debug|Any CPU
		{166B4DD1-5370-4CD8-AED2-77341335AEEF}.Debug|iPhoneSimulator.ActiveCfg = Debug|Any CPU
		{166B4DD1-5370-4CD8-AED2-77341335AEEF}.Debug|iPhoneSimulator.Build.0 = Debug|Any CPU
		{166B4DD1-5370-4CD8-AED2-77341335AEEF}.Debug|iPhoneSimulator.Deploy.0 = Debug|Any CPU
		{166B4DD1-5370-4CD8-AED2-77341335AEEF}.Debug|x64.ActiveCfg = Debug|Any CPU
		{166B4DD1-5370-4CD8-AED2-77341335AEEF}.Debug|x64.Build.0 = Debug|Any CPU
		{166B4DD1-5370-4CD8-AED2-77341335AEEF}.Debug|x64.Deploy.0 = Debug|Any CPU
		{166B4DD1-5370-4CD8-AED2-77341335AEEF}.Debug|x86.ActiveCfg = Debug|Any CPU
		{166B4DD1-5370-4CD8-AED2-77341335AEEF}.Debug|x86.Build.0 = Debug|Any CPU
		{166B4DD1-5370-4CD8-AED2-77341335AEEF}.Debug|x86.Deploy.0 = Debug|Any CPU
		{166B4DD1-5370-4CD8-AED2-77341335AEEF}.Release|Any CPU.ActiveCfg = Release|Any CPU
		{166B4DD1-5370-4CD8-AED2-77341335AEEF}.Release|Any CPU.Build.0 = Release|Any CPU
		{166B4DD1-5370-4CD8-AED2-77341335AEEF}.Release|Any CPU.Deploy.0 = Release|Any CPU
		{166B4DD1-5370-4CD8-AED2-77341335AEEF}.Release|ARM.ActiveCfg = Release|Any CPU
		{166B4DD1-5370-4CD8-AED2-77341335AEEF}.Release|ARM.Build.0 = Release|Any CPU
		{166B4DD1-5370-4CD8-AED2-77341335AEEF}.Release|ARM.Deploy.0 = Release|Any CPU
		{166B4DD1-5370-4CD8-AED2-77341335AEEF}.Release|iPhone.ActiveCfg = Release|Any CPU
		{166B4DD1-5370-4CD8-AED2-77341335AEEF}.Release|iPhone.Build.0 = Release|Any CPU
		{166B4DD1-5370-4CD8-AED2-77341335AEEF}.Release|iPhone.Deploy.0 = Release|Any CPU
		{166B4DD1-5370-4CD8-AED2-77341335AEEF}.Release|iPhoneSimulator.ActiveCfg = Release|Any CPU
		{166B4DD1-5370-4CD8-AED2-77341335AEEF}.Release|iPhoneSimulator.Build.0 = Release|Any CPU
		{166B4DD1-5370-4CD8-AED2-77341335AEEF}.Release|iPhoneSimulator.Deploy.0 = Release|Any CPU
		{166B4DD1-5370-4CD8-AED2-77341335AEEF}.Release|x64.ActiveCfg = Release|Any CPU
		{166B4DD1-5370-4CD8-AED2-77341335AEEF}.Release|x64.Build.0 = Release|Any CPU
		{166B4DD1-5370-4CD8-AED2-77341335AEEF}.Release|x64.Deploy.0 = Release|Any CPU
		{166B4DD1-5370-4CD8-AED2-77341335AEEF}.Release|x86.ActiveCfg = Release|Any CPU
		{166B4DD1-5370-4CD8-AED2-77341335AEEF}.Release|x86.Build.0 = Release|Any CPU
		{166B4DD1-5370-4CD8-AED2-77341335AEEF}.Release|x86.Deploy.0 = Release|Any CPU
		{77409198-2F46-4FA7-9B8F-EAD3B91B0615}.Ad-Hoc|Any CPU.ActiveCfg = Ad-Hoc|iPhone
		{77409198-2F46-4FA7-9B8F-EAD3B91B0615}.Ad-Hoc|Any CPU.Build.0 = Ad-Hoc|iPhone
		{77409198-2F46-4FA7-9B8F-EAD3B91B0615}.Ad-Hoc|Any CPU.Deploy.0 = Ad-Hoc|iPhone
		{77409198-2F46-4FA7-9B8F-EAD3B91B0615}.Ad-Hoc|ARM.ActiveCfg = Ad-Hoc|iPhone
		{77409198-2F46-4FA7-9B8F-EAD3B91B0615}.Ad-Hoc|ARM.Build.0 = Ad-Hoc|iPhone
		{77409198-2F46-4FA7-9B8F-EAD3B91B0615}.Ad-Hoc|ARM.Deploy.0 = Ad-Hoc|iPhone
		{77409198-2F46-4FA7-9B8F-EAD3B91B0615}.Ad-Hoc|iPhone.ActiveCfg = Ad-Hoc|iPhone
		{77409198-2F46-4FA7-9B8F-EAD3B91B0615}.Ad-Hoc|iPhone.Build.0 = Ad-Hoc|iPhone
		{77409198-2F46-4FA7-9B8F-EAD3B91B0615}.Ad-Hoc|iPhone.Deploy.0 = Ad-Hoc|iPhone
		{77409198-2F46-4FA7-9B8F-EAD3B91B0615}.Ad-Hoc|iPhoneSimulator.ActiveCfg = Ad-Hoc|iPhoneSimulator
		{77409198-2F46-4FA7-9B8F-EAD3B91B0615}.Ad-Hoc|iPhoneSimulator.Build.0 = Ad-Hoc|iPhoneSimulator
		{77409198-2F46-4FA7-9B8F-EAD3B91B0615}.Ad-Hoc|iPhoneSimulator.Deploy.0 = Ad-Hoc|iPhoneSimulator
		{77409198-2F46-4FA7-9B8F-EAD3B91B0615}.Ad-Hoc|x64.ActiveCfg = Ad-Hoc|iPhone
		{77409198-2F46-4FA7-9B8F-EAD3B91B0615}.Ad-Hoc|x64.Build.0 = Ad-Hoc|iPhone
		{77409198-2F46-4FA7-9B8F-EAD3B91B0615}.Ad-Hoc|x64.Deploy.0 = Ad-Hoc|iPhone
		{77409198-2F46-4FA7-9B8F-EAD3B91B0615}.Ad-Hoc|x86.ActiveCfg = Ad-Hoc|iPhone
		{77409198-2F46-4FA7-9B8F-EAD3B91B0615}.Ad-Hoc|x86.Build.0 = Ad-Hoc|iPhone
		{77409198-2F46-4FA7-9B8F-EAD3B91B0615}.Ad-Hoc|x86.Deploy.0 = Ad-Hoc|iPhone
		{77409198-2F46-4FA7-9B8F-EAD3B91B0615}.AppStore|Any CPU.ActiveCfg = AppStore|iPhone
		{77409198-2F46-4FA7-9B8F-EAD3B91B0615}.AppStore|Any CPU.Build.0 = AppStore|iPhone
		{77409198-2F46-4FA7-9B8F-EAD3B91B0615}.AppStore|Any CPU.Deploy.0 = AppStore|iPhone
		{77409198-2F46-4FA7-9B8F-EAD3B91B0615}.AppStore|ARM.ActiveCfg = AppStore|iPhone
		{77409198-2F46-4FA7-9B8F-EAD3B91B0615}.AppStore|ARM.Build.0 = AppStore|iPhone
		{77409198-2F46-4FA7-9B8F-EAD3B91B0615}.AppStore|ARM.Deploy.0 = AppStore|iPhone
		{77409198-2F46-4FA7-9B8F-EAD3B91B0615}.AppStore|iPhone.ActiveCfg = AppStore|iPhone
		{77409198-2F46-4FA7-9B8F-EAD3B91B0615}.AppStore|iPhone.Build.0 = AppStore|iPhone
		{77409198-2F46-4FA7-9B8F-EAD3B91B0615}.AppStore|iPhone.Deploy.0 = AppStore|iPhone
		{77409198-2F46-4FA7-9B8F-EAD3B91B0615}.AppStore|iPhoneSimulator.ActiveCfg = AppStore|iPhoneSimulator
		{77409198-2F46-4FA7-9B8F-EAD3B91B0615}.AppStore|iPhoneSimulator.Build.0 = AppStore|iPhoneSimulator
		{77409198-2F46-4FA7-9B8F-EAD3B91B0615}.AppStore|iPhoneSimulator.Deploy.0 = AppStore|iPhoneSimulator
		{77409198-2F46-4FA7-9B8F-EAD3B91B0615}.AppStore|x64.ActiveCfg = AppStore|iPhone
		{77409198-2F46-4FA7-9B8F-EAD3B91B0615}.AppStore|x64.Build.0 = AppStore|iPhone
		{77409198-2F46-4FA7-9B8F-EAD3B91B0615}.AppStore|x64.Deploy.0 = AppStore|iPhone
		{77409198-2F46-4FA7-9B8F-EAD3B91B0615}.AppStore|x86.ActiveCfg = AppStore|iPhone
		{77409198-2F46-4FA7-9B8F-EAD3B91B0615}.AppStore|x86.Build.0 = AppStore|iPhone
		{77409198-2F46-4FA7-9B8F-EAD3B91B0615}.AppStore|x86.Deploy.0 = AppStore|iPhone
		{77409198-2F46-4FA7-9B8F-EAD3B91B0615}.Debug|Any CPU.ActiveCfg = Debug|iPhoneSimulator
		{77409198-2F46-4FA7-9B8F-EAD3B91B0615}.Debug|Any CPU.Build.0 = Debug|iPhoneSimulator
		{77409198-2F46-4FA7-9B8F-EAD3B91B0615}.Debug|Any CPU.Deploy.0 = Debug|iPhoneSimulator
		{77409198-2F46-4FA7-9B8F-EAD3B91B0615}.Debug|ARM.ActiveCfg = Debug|iPhone
		{77409198-2F46-4FA7-9B8F-EAD3B91B0615}.Debug|ARM.Build.0 = Debug|iPhone
		{77409198-2F46-4FA7-9B8F-EAD3B91B0615}.Debug|ARM.Deploy.0 = Debug|iPhone
		{77409198-2F46-4FA7-9B8F-EAD3B91B0615}.Debug|iPhone.ActiveCfg = Debug|iPhone
		{77409198-2F46-4FA7-9B8F-EAD3B91B0615}.Debug|iPhone.Build.0 = Debug|iPhone
		{77409198-2F46-4FA7-9B8F-EAD3B91B0615}.Debug|iPhone.Deploy.0 = Debug|iPhone
		{77409198-2F46-4FA7-9B8F-EAD3B91B0615}.Debug|iPhoneSimulator.ActiveCfg = Debug|iPhoneSimulator
		{77409198-2F46-4FA7-9B8F-EAD3B91B0615}.Debug|iPhoneSimulator.Build.0 = Debug|iPhoneSimulator
		{77409198-2F46-4FA7-9B8F-EAD3B91B0615}.Debug|iPhoneSimulator.Deploy.0 = Debug|iPhoneSimulator
		{77409198-2F46-4FA7-9B8F-EAD3B91B0615}.Debug|x64.ActiveCfg = Debug|iPhone
		{77409198-2F46-4FA7-9B8F-EAD3B91B0615}.Debug|x64.Build.0 = Debug|iPhone
		{77409198-2F46-4FA7-9B8F-EAD3B91B0615}.Debug|x64.Deploy.0 = Debug|iPhone
		{77409198-2F46-4FA7-9B8F-EAD3B91B0615}.Debug|x86.ActiveCfg = Debug|iPhone
		{77409198-2F46-4FA7-9B8F-EAD3B91B0615}.Debug|x86.Build.0 = Debug|iPhone
		{77409198-2F46-4FA7-9B8F-EAD3B91B0615}.Debug|x86.Deploy.0 = Debug|iPhone
		{77409198-2F46-4FA7-9B8F-EAD3B91B0615}.Release|Any CPU.ActiveCfg = Release|iPhone
		{77409198-2F46-4FA7-9B8F-EAD3B91B0615}.Release|Any CPU.Build.0 = Release|iPhone
		{77409198-2F46-4FA7-9B8F-EAD3B91B0615}.Release|Any CPU.Deploy.0 = Release|iPhone
		{77409198-2F46-4FA7-9B8F-EAD3B91B0615}.Release|ARM.ActiveCfg = Release|iPhone
		{77409198-2F46-4FA7-9B8F-EAD3B91B0615}.Release|ARM.Build.0 = Release|iPhone
		{77409198-2F46-4FA7-9B8F-EAD3B91B0615}.Release|ARM.Deploy.0 = Release|iPhone
		{77409198-2F46-4FA7-9B8F-EAD3B91B0615}.Release|iPhone.ActiveCfg = Release|iPhone
		{77409198-2F46-4FA7-9B8F-EAD3B91B0615}.Release|iPhone.Build.0 = Release|iPhone
		{77409198-2F46-4FA7-9B8F-EAD3B91B0615}.Release|iPhone.Deploy.0 = Release|iPhone
		{77409198-2F46-4FA7-9B8F-EAD3B91B0615}.Release|iPhoneSimulator.ActiveCfg = Release|iPhoneSimulator
		{77409198-2F46-4FA7-9B8F-EAD3B91B0615}.Release|iPhoneSimulator.Build.0 = Release|iPhoneSimulator
		{77409198-2F46-4FA7-9B8F-EAD3B91B0615}.Release|iPhoneSimulator.Deploy.0 = Release|iPhoneSimulator
		{77409198-2F46-4FA7-9B8F-EAD3B91B0615}.Release|x64.ActiveCfg = Release|iPhone
		{77409198-2F46-4FA7-9B8F-EAD3B91B0615}.Release|x64.Build.0 = Release|iPhone
		{77409198-2F46-4FA7-9B8F-EAD3B91B0615}.Release|x64.Deploy.0 = Release|iPhone
		{77409198-2F46-4FA7-9B8F-EAD3B91B0615}.Release|x86.ActiveCfg = Release|iPhone
		{77409198-2F46-4FA7-9B8F-EAD3B91B0615}.Release|x86.Build.0 = Release|iPhone
		{77409198-2F46-4FA7-9B8F-EAD3B91B0615}.Release|x86.Deploy.0 = Release|iPhone
		{0CEDFB17-3E36-4BCD-AAFC-5F80D595F0D5}.Ad-Hoc|Any CPU.ActiveCfg = Release|x86
		{0CEDFB17-3E36-4BCD-AAFC-5F80D595F0D5}.Ad-Hoc|Any CPU.Build.0 = Release|x86
		{0CEDFB17-3E36-4BCD-AAFC-5F80D595F0D5}.Ad-Hoc|Any CPU.Deploy.0 = Release|x86
		{0CEDFB17-3E36-4BCD-AAFC-5F80D595F0D5}.Ad-Hoc|ARM.ActiveCfg = Release|ARM
		{0CEDFB17-3E36-4BCD-AAFC-5F80D595F0D5}.Ad-Hoc|ARM.Build.0 = Release|ARM
		{0CEDFB17-3E36-4BCD-AAFC-5F80D595F0D5}.Ad-Hoc|ARM.Deploy.0 = Release|ARM
		{0CEDFB17-3E36-4BCD-AAFC-5F80D595F0D5}.Ad-Hoc|iPhone.ActiveCfg = Release|x86
		{0CEDFB17-3E36-4BCD-AAFC-5F80D595F0D5}.Ad-Hoc|iPhone.Build.0 = Release|x86
		{0CEDFB17-3E36-4BCD-AAFC-5F80D595F0D5}.Ad-Hoc|iPhone.Deploy.0 = Release|x86
		{0CEDFB17-3E36-4BCD-AAFC-5F80D595F0D5}.Ad-Hoc|iPhoneSimulator.ActiveCfg = Release|x86
		{0CEDFB17-3E36-4BCD-AAFC-5F80D595F0D5}.Ad-Hoc|iPhoneSimulator.Build.0 = Release|x86
		{0CEDFB17-3E36-4BCD-AAFC-5F80D595F0D5}.Ad-Hoc|iPhoneSimulator.Deploy.0 = Release|x86
		{0CEDFB17-3E36-4BCD-AAFC-5F80D595F0D5}.Ad-Hoc|x64.ActiveCfg = Release|x64
		{0CEDFB17-3E36-4BCD-AAFC-5F80D595F0D5}.Ad-Hoc|x64.Build.0 = Release|x64
		{0CEDFB17-3E36-4BCD-AAFC-5F80D595F0D5}.Ad-Hoc|x64.Deploy.0 = Release|x64
		{0CEDFB17-3E36-4BCD-AAFC-5F80D595F0D5}.Ad-Hoc|x86.ActiveCfg = Release|x86
		{0CEDFB17-3E36-4BCD-AAFC-5F80D595F0D5}.Ad-Hoc|x86.Build.0 = Release|x86
		{0CEDFB17-3E36-4BCD-AAFC-5F80D595F0D5}.Ad-Hoc|x86.Deploy.0 = Release|x86
		{0CEDFB17-3E36-4BCD-AAFC-5F80D595F0D5}.AppStore|Any CPU.ActiveCfg = Release|x86
		{0CEDFB17-3E36-4BCD-AAFC-5F80D595F0D5}.AppStore|Any CPU.Build.0 = Release|x86
		{0CEDFB17-3E36-4BCD-AAFC-5F80D595F0D5}.AppStore|Any CPU.Deploy.0 = Release|x86
		{0CEDFB17-3E36-4BCD-AAFC-5F80D595F0D5}.AppStore|ARM.ActiveCfg = Release|ARM
		{0CEDFB17-3E36-4BCD-AAFC-5F80D595F0D5}.AppStore|ARM.Build.0 = Release|ARM
		{0CEDFB17-3E36-4BCD-AAFC-5F80D595F0D5}.AppStore|ARM.Deploy.0 = Release|ARM
		{0CEDFB17-3E36-4BCD-AAFC-5F80D595F0D5}.AppStore|iPhone.ActiveCfg = Release|x86
		{0CEDFB17-3E36-4BCD-AAFC-5F80D595F0D5}.AppStore|iPhone.Build.0 = Release|x86
		{0CEDFB17-3E36-4BCD-AAFC-5F80D595F0D5}.AppStore|iPhone.Deploy.0 = Release|x86
		{0CEDFB17-3E36-4BCD-AAFC-5F80D595F0D5}.AppStore|iPhoneSimulator.ActiveCfg = Release|x86
		{0CEDFB17-3E36-4BCD-AAFC-5F80D595F0D5}.AppStore|iPhoneSimulator.Build.0 = Release|x86
		{0CEDFB17-3E36-4BCD-AAFC-5F80D595F0D5}.AppStore|iPhoneSimulator.Deploy.0 = Release|x86
		{0CEDFB17-3E36-4BCD-AAFC-5F80D595F0D5}.AppStore|x64.ActiveCfg = Release|x64
		{0CEDFB17-3E36-4BCD-AAFC-5F80D595F0D5}.AppStore|x64.Build.0 = Release|x64
		{0CEDFB17-3E36-4BCD-AAFC-5F80D595F0D5}.AppStore|x64.Deploy.0 = Release|x64
		{0CEDFB17-3E36-4BCD-AAFC-5F80D595F0D5}.AppStore|x86.ActiveCfg = Release|x86
		{0CEDFB17-3E36-4BCD-AAFC-5F80D595F0D5}.AppStore|x86.Build.0 = Release|x86
		{0CEDFB17-3E36-4BCD-AAFC-5F80D595F0D5}.AppStore|x86.Deploy.0 = Release|x86
		{0CEDFB17-3E36-4BCD-AAFC-5F80D595F0D5}.Debug|Any CPU.ActiveCfg = Debug|x86
		{0CEDFB17-3E36-4BCD-AAFC-5F80D595F0D5}.Debug|Any CPU.Build.0 = Debug|x86
		{0CEDFB17-3E36-4BCD-AAFC-5F80D595F0D5}.Debug|Any CPU.Deploy.0 = Debug|x86
		{0CEDFB17-3E36-4BCD-AAFC-5F80D595F0D5}.Debug|ARM.ActiveCfg = Debug|ARM
		{0CEDFB17-3E36-4BCD-AAFC-5F80D595F0D5}.Debug|ARM.Build.0 = Debug|ARM
		{0CEDFB17-3E36-4BCD-AAFC-5F80D595F0D5}.Debug|ARM.Deploy.0 = Debug|ARM
		{0CEDFB17-3E36-4BCD-AAFC-5F80D595F0D5}.Debug|iPhone.ActiveCfg = Debug|x86
		{0CEDFB17-3E36-4BCD-AAFC-5F80D595F0D5}.Debug|iPhone.Build.0 = Debug|x86
		{0CEDFB17-3E36-4BCD-AAFC-5F80D595F0D5}.Debug|iPhone.Deploy.0 = Debug|x86
		{0CEDFB17-3E36-4BCD-AAFC-5F80D595F0D5}.Debug|iPhoneSimulator.ActiveCfg = Debug|x86
		{0CEDFB17-3E36-4BCD-AAFC-5F80D595F0D5}.Debug|iPhoneSimulator.Build.0 = Debug|x86
		{0CEDFB17-3E36-4BCD-AAFC-5F80D595F0D5}.Debug|iPhoneSimulator.Deploy.0 = Debug|x86
		{0CEDFB17-3E36-4BCD-AAFC-5F80D595F0D5}.Debug|x64.ActiveCfg = Debug|x64
		{0CEDFB17-3E36-4BCD-AAFC-5F80D595F0D5}.Debug|x64.Build.0 = Debug|x64
		{0CEDFB17-3E36-4BCD-AAFC-5F80D595F0D5}.Debug|x64.Deploy.0 = Debug|x64
		{0CEDFB17-3E36-4BCD-AAFC-5F80D595F0D5}.Debug|x86.ActiveCfg = Debug|x86
		{0CEDFB17-3E36-4BCD-AAFC-5F80D595F0D5}.Debug|x86.Build.0 = Debug|x86
		{0CEDFB17-3E36-4BCD-AAFC-5F80D595F0D5}.Debug|x86.Deploy.0 = Debug|x86
		{0CEDFB17-3E36-4BCD-AAFC-5F80D595F0D5}.Release|Any CPU.ActiveCfg = Release|x86
		{0CEDFB17-3E36-4BCD-AAFC-5F80D595F0D5}.Release|Any CPU.Build.0 = Release|x86
		{0CEDFB17-3E36-4BCD-AAFC-5F80D595F0D5}.Release|Any CPU.Deploy.0 = Release|x86
		{0CEDFB17-3E36-4BCD-AAFC-5F80D595F0D5}.Release|ARM.ActiveCfg = Release|ARM
		{0CEDFB17-3E36-4BCD-AAFC-5F80D595F0D5}.Release|ARM.Build.0 = Release|ARM
		{0CEDFB17-3E36-4BCD-AAFC-5F80D595F0D5}.Release|ARM.Deploy.0 = Release|ARM
		{0CEDFB17-3E36-4BCD-AAFC-5F80D595F0D5}.Release|iPhone.ActiveCfg = Release|x86
		{0CEDFB17-3E36-4BCD-AAFC-5F80D595F0D5}.Release|iPhone.Build.0 = Release|x86
		{0CEDFB17-3E36-4BCD-AAFC-5F80D595F0D5}.Release|iPhone.Deploy.0 = Release|x86
		{0CEDFB17-3E36-4BCD-AAFC-5F80D595F0D5}.Release|iPhoneSimulator.ActiveCfg = Release|x86
		{0CEDFB17-3E36-4BCD-AAFC-5F80D595F0D5}.Release|iPhoneSimulator.Build.0 = Release|x86
		{0CEDFB17-3E36-4BCD-AAFC-5F80D595F0D5}.Release|iPhoneSimulator.Deploy.0 = Release|x86
		{0CEDFB17-3E36-4BCD-AAFC-5F80D595F0D5}.Release|x64.ActiveCfg = Release|x64
		{0CEDFB17-3E36-4BCD-AAFC-5F80D595F0D5}.Release|x64.Build.0 = Release|x64
		{0CEDFB17-3E36-4BCD-AAFC-5F80D595F0D5}.Release|x64.Deploy.0 = Release|x64
		{0CEDFB17-3E36-4BCD-AAFC-5F80D595F0D5}.Release|x86.ActiveCfg = Release|x86
		{0CEDFB17-3E36-4BCD-AAFC-5F80D595F0D5}.Release|x86.Build.0 = Release|x86
		{0CEDFB17-3E36-4BCD-AAFC-5F80D595F0D5}.Release|x86.Deploy.0 = Release|x86
		{8F47E44B-CA07-44ED-B696-F39FEB01DC47}.Ad-Hoc|Any CPU.ActiveCfg = Debug|Any CPU
		{8F47E44B-CA07-44ED-B696-F39FEB01DC47}.Ad-Hoc|Any CPU.Build.0 = Debug|Any CPU
		{8F47E44B-CA07-44ED-B696-F39FEB01DC47}.Ad-Hoc|Any CPU.Deploy.0 = Debug|Any CPU
		{8F47E44B-CA07-44ED-B696-F39FEB01DC47}.Ad-Hoc|ARM.ActiveCfg = Debug|Any CPU
		{8F47E44B-CA07-44ED-B696-F39FEB01DC47}.Ad-Hoc|ARM.Build.0 = Debug|Any CPU
		{8F47E44B-CA07-44ED-B696-F39FEB01DC47}.Ad-Hoc|ARM.Deploy.0 = Debug|Any CPU
		{8F47E44B-CA07-44ED-B696-F39FEB01DC47}.Ad-Hoc|iPhone.ActiveCfg = Debug|Any CPU
		{8F47E44B-CA07-44ED-B696-F39FEB01DC47}.Ad-Hoc|iPhone.Build.0 = Debug|Any CPU
		{8F47E44B-CA07-44ED-B696-F39FEB01DC47}.Ad-Hoc|iPhone.Deploy.0 = Debug|Any CPU
		{8F47E44B-CA07-44ED-B696-F39FEB01DC47}.Ad-Hoc|iPhoneSimulator.ActiveCfg = Debug|Any CPU
		{8F47E44B-CA07-44ED-B696-F39FEB01DC47}.Ad-Hoc|iPhoneSimulator.Build.0 = Debug|Any CPU
		{8F47E44B-CA07-44ED-B696-F39FEB01DC47}.Ad-Hoc|iPhoneSimulator.Deploy.0 = Debug|Any CPU
		{8F47E44B-CA07-44ED-B696-F39FEB01DC47}.Ad-Hoc|x64.ActiveCfg = Debug|Any CPU
		{8F47E44B-CA07-44ED-B696-F39FEB01DC47}.Ad-Hoc|x64.Build.0 = Debug|Any CPU
		{8F47E44B-CA07-44ED-B696-F39FEB01DC47}.Ad-Hoc|x64.Deploy.0 = Debug|Any CPU
		{8F47E44B-CA07-44ED-B696-F39FEB01DC47}.Ad-Hoc|x86.ActiveCfg = Debug|Any CPU
		{8F47E44B-CA07-44ED-B696-F39FEB01DC47}.Ad-Hoc|x86.Build.0 = Debug|Any CPU
		{8F47E44B-CA07-44ED-B696-F39FEB01DC47}.Ad-Hoc|x86.Deploy.0 = Debug|Any CPU
		{8F47E44B-CA07-44ED-B696-F39FEB01DC47}.AppStore|Any CPU.ActiveCfg = Debug|Any CPU
		{8F47E44B-CA07-44ED-B696-F39FEB01DC47}.AppStore|Any CPU.Build.0 = Debug|Any CPU
		{8F47E44B-CA07-44ED-B696-F39FEB01DC47}.AppStore|Any CPU.Deploy.0 = Debug|Any CPU
		{8F47E44B-CA07-44ED-B696-F39FEB01DC47}.AppStore|ARM.ActiveCfg = Debug|Any CPU
		{8F47E44B-CA07-44ED-B696-F39FEB01DC47}.AppStore|ARM.Build.0 = Debug|Any CPU
		{8F47E44B-CA07-44ED-B696-F39FEB01DC47}.AppStore|ARM.Deploy.0 = Debug|Any CPU
		{8F47E44B-CA07-44ED-B696-F39FEB01DC47}.AppStore|iPhone.ActiveCfg = Debug|Any CPU
		{8F47E44B-CA07-44ED-B696-F39FEB01DC47}.AppStore|iPhone.Build.0 = Debug|Any CPU
		{8F47E44B-CA07-44ED-B696-F39FEB01DC47}.AppStore|iPhone.Deploy.0 = Debug|Any CPU
		{8F47E44B-CA07-44ED-B696-F39FEB01DC47}.AppStore|iPhoneSimulator.ActiveCfg = Debug|Any CPU
		{8F47E44B-CA07-44ED-B696-F39FEB01DC47}.AppStore|iPhoneSimulator.Build.0 = Debug|Any CPU
		{8F47E44B-CA07-44ED-B696-F39FEB01DC47}.AppStore|iPhoneSimulator.Deploy.0 = Debug|Any CPU
		{8F47E44B-CA07-44ED-B696-F39FEB01DC47}.AppStore|x64.ActiveCfg = Debug|Any CPU
		{8F47E44B-CA07-44ED-B696-F39FEB01DC47}.AppStore|x64.Build.0 = Debug|Any CPU
		{8F47E44B-CA07-44ED-B696-F39FEB01DC47}.AppStore|x64.Deploy.0 = Debug|Any CPU
		{8F47E44B-CA07-44ED-B696-F39FEB01DC47}.AppStore|x86.ActiveCfg = Debug|Any CPU
		{8F47E44B-CA07-44ED-B696-F39FEB01DC47}.AppStore|x86.Build.0 = Debug|Any CPU
		{8F47E44B-CA07-44ED-B696-F39FEB01DC47}.AppStore|x86.Deploy.0 = Debug|Any CPU
		{8F47E44B-CA07-44ED-B696-F39FEB01DC47}.Debug|Any CPU.ActiveCfg = Debug|Any CPU
		{8F47E44B-CA07-44ED-B696-F39FEB01DC47}.Debug|Any CPU.Build.0 = Debug|Any CPU
		{8F47E44B-CA07-44ED-B696-F39FEB01DC47}.Debug|Any CPU.Deploy.0 = Debug|Any CPU
		{8F47E44B-CA07-44ED-B696-F39FEB01DC47}.Debug|ARM.ActiveCfg = Debug|Any CPU
		{8F47E44B-CA07-44ED-B696-F39FEB01DC47}.Debug|ARM.Build.0 = Debug|Any CPU
		{8F47E44B-CA07-44ED-B696-F39FEB01DC47}.Debug|ARM.Deploy.0 = Debug|Any CPU
		{8F47E44B-CA07-44ED-B696-F39FEB01DC47}.Debug|iPhone.ActiveCfg = Debug|Any CPU
		{8F47E44B-CA07-44ED-B696-F39FEB01DC47}.Debug|iPhone.Build.0 = Debug|Any CPU
		{8F47E44B-CA07-44ED-B696-F39FEB01DC47}.Debug|iPhone.Deploy.0 = Debug|Any CPU
		{8F47E44B-CA07-44ED-B696-F39FEB01DC47}.Debug|iPhoneSimulator.ActiveCfg = Debug|Any CPU
		{8F47E44B-CA07-44ED-B696-F39FEB01DC47}.Debug|iPhoneSimulator.Build.0 = Debug|Any CPU
		{8F47E44B-CA07-44ED-B696-F39FEB01DC47}.Debug|iPhoneSimulator.Deploy.0 = Debug|Any CPU
		{8F47E44B-CA07-44ED-B696-F39FEB01DC47}.Debug|x64.ActiveCfg = Debug|Any CPU
		{8F47E44B-CA07-44ED-B696-F39FEB01DC47}.Debug|x64.Build.0 = Debug|Any CPU
		{8F47E44B-CA07-44ED-B696-F39FEB01DC47}.Debug|x64.Deploy.0 = Debug|Any CPU
		{8F47E44B-CA07-44ED-B696-F39FEB01DC47}.Debug|x86.ActiveCfg = Debug|Any CPU
		{8F47E44B-CA07-44ED-B696-F39FEB01DC47}.Debug|x86.Build.0 = Debug|Any CPU
		{8F47E44B-CA07-44ED-B696-F39FEB01DC47}.Debug|x86.Deploy.0 = Debug|Any CPU
		{8F47E44B-CA07-44ED-B696-F39FEB01DC47}.Release|Any CPU.ActiveCfg = Release|Any CPU
		{8F47E44B-CA07-44ED-B696-F39FEB01DC47}.Release|Any CPU.Build.0 = Release|Any CPU
		{8F47E44B-CA07-44ED-B696-F39FEB01DC47}.Release|Any CPU.Deploy.0 = Release|Any CPU
		{8F47E44B-CA07-44ED-B696-F39FEB01DC47}.Release|ARM.ActiveCfg = Release|Any CPU
		{8F47E44B-CA07-44ED-B696-F39FEB01DC47}.Release|ARM.Build.0 = Release|Any CPU
		{8F47E44B-CA07-44ED-B696-F39FEB01DC47}.Release|ARM.Deploy.0 = Release|Any CPU
		{8F47E44B-CA07-44ED-B696-F39FEB01DC47}.Release|iPhone.ActiveCfg = Release|Any CPU
		{8F47E44B-CA07-44ED-B696-F39FEB01DC47}.Release|iPhone.Build.0 = Release|Any CPU
		{8F47E44B-CA07-44ED-B696-F39FEB01DC47}.Release|iPhone.Deploy.0 = Release|Any CPU
		{8F47E44B-CA07-44ED-B696-F39FEB01DC47}.Release|iPhoneSimulator.ActiveCfg = Release|Any CPU
		{8F47E44B-CA07-44ED-B696-F39FEB01DC47}.Release|iPhoneSimulator.Build.0 = Release|Any CPU
		{8F47E44B-CA07-44ED-B696-F39FEB01DC47}.Release|iPhoneSimulator.Deploy.0 = Release|Any CPU
		{8F47E44B-CA07-44ED-B696-F39FEB01DC47}.Release|x64.ActiveCfg = Release|Any CPU
		{8F47E44B-CA07-44ED-B696-F39FEB01DC47}.Release|x64.Build.0 = Release|Any CPU
		{8F47E44B-CA07-44ED-B696-F39FEB01DC47}.Release|x64.Deploy.0 = Release|Any CPU
		{8F47E44B-CA07-44ED-B696-F39FEB01DC47}.Release|x86.ActiveCfg = Release|Any CPU
		{8F47E44B-CA07-44ED-B696-F39FEB01DC47}.Release|x86.Build.0 = Release|Any CPU
		{8F47E44B-CA07-44ED-B696-F39FEB01DC47}.Release|x86.Deploy.0 = Release|Any CPU
		{A5212B5E-FC30-413E-B2A5-3D6FA61293FF}.Ad-Hoc|Any CPU.ActiveCfg = Debug|Any CPU
		{A5212B5E-FC30-413E-B2A5-3D6FA61293FF}.Ad-Hoc|Any CPU.Build.0 = Debug|Any CPU
		{A5212B5E-FC30-413E-B2A5-3D6FA61293FF}.Ad-Hoc|ARM.ActiveCfg = Debug|Any CPU
		{A5212B5E-FC30-413E-B2A5-3D6FA61293FF}.Ad-Hoc|ARM.Build.0 = Debug|Any CPU
		{A5212B5E-FC30-413E-B2A5-3D6FA61293FF}.Ad-Hoc|iPhone.ActiveCfg = Debug|Any CPU
		{A5212B5E-FC30-413E-B2A5-3D6FA61293FF}.Ad-Hoc|iPhone.Build.0 = Debug|Any CPU
		{A5212B5E-FC30-413E-B2A5-3D6FA61293FF}.Ad-Hoc|iPhoneSimulator.ActiveCfg = Debug|Any CPU
		{A5212B5E-FC30-413E-B2A5-3D6FA61293FF}.Ad-Hoc|iPhoneSimulator.Build.0 = Debug|Any CPU
		{A5212B5E-FC30-413E-B2A5-3D6FA61293FF}.Ad-Hoc|x64.ActiveCfg = Debug|Any CPU
		{A5212B5E-FC30-413E-B2A5-3D6FA61293FF}.Ad-Hoc|x64.Build.0 = Debug|Any CPU
		{A5212B5E-FC30-413E-B2A5-3D6FA61293FF}.Ad-Hoc|x86.ActiveCfg = Debug|Any CPU
		{A5212B5E-FC30-413E-B2A5-3D6FA61293FF}.Ad-Hoc|x86.Build.0 = Debug|Any CPU
		{A5212B5E-FC30-413E-B2A5-3D6FA61293FF}.AppStore|Any CPU.ActiveCfg = Debug|Any CPU
		{A5212B5E-FC30-413E-B2A5-3D6FA61293FF}.AppStore|Any CPU.Build.0 = Debug|Any CPU
		{A5212B5E-FC30-413E-B2A5-3D6FA61293FF}.AppStore|ARM.ActiveCfg = Debug|Any CPU
		{A5212B5E-FC30-413E-B2A5-3D6FA61293FF}.AppStore|ARM.Build.0 = Debug|Any CPU
		{A5212B5E-FC30-413E-B2A5-3D6FA61293FF}.AppStore|iPhone.ActiveCfg = Debug|Any CPU
		{A5212B5E-FC30-413E-B2A5-3D6FA61293FF}.AppStore|iPhone.Build.0 = Debug|Any CPU
		{A5212B5E-FC30-413E-B2A5-3D6FA61293FF}.AppStore|iPhoneSimulator.ActiveCfg = Debug|Any CPU
		{A5212B5E-FC30-413E-B2A5-3D6FA61293FF}.AppStore|iPhoneSimulator.Build.0 = Debug|Any CPU
		{A5212B5E-FC30-413E-B2A5-3D6FA61293FF}.AppStore|x64.ActiveCfg = Debug|Any CPU
		{A5212B5E-FC30-413E-B2A5-3D6FA61293FF}.AppStore|x64.Build.0 = Debug|Any CPU
		{A5212B5E-FC30-413E-B2A5-3D6FA61293FF}.AppStore|x86.ActiveCfg = Debug|Any CPU
		{A5212B5E-FC30-413E-B2A5-3D6FA61293FF}.AppStore|x86.Build.0 = Debug|Any CPU
		{A5212B5E-FC30-413E-B2A5-3D6FA61293FF}.Debug|Any CPU.ActiveCfg = Debug|Any CPU
		{A5212B5E-FC30-413E-B2A5-3D6FA61293FF}.Debug|Any CPU.Build.0 = Debug|Any CPU
		{A5212B5E-FC30-413E-B2A5-3D6FA61293FF}.Debug|ARM.ActiveCfg = Debug|Any CPU
		{A5212B5E-FC30-413E-B2A5-3D6FA61293FF}.Debug|ARM.Build.0 = Debug|Any CPU
		{A5212B5E-FC30-413E-B2A5-3D6FA61293FF}.Debug|iPhone.ActiveCfg = Debug|Any CPU
		{A5212B5E-FC30-413E-B2A5-3D6FA61293FF}.Debug|iPhone.Build.0 = Debug|Any CPU
		{A5212B5E-FC30-413E-B2A5-3D6FA61293FF}.Debug|iPhoneSimulator.ActiveCfg = Debug|Any CPU
		{A5212B5E-FC30-413E-B2A5-3D6FA61293FF}.Debug|iPhoneSimulator.Build.0 = Debug|Any CPU
		{A5212B5E-FC30-413E-B2A5-3D6FA61293FF}.Debug|x64.ActiveCfg = Debug|Any CPU
		{A5212B5E-FC30-413E-B2A5-3D6FA61293FF}.Debug|x64.Build.0 = Debug|Any CPU
		{A5212B5E-FC30-413E-B2A5-3D6FA61293FF}.Debug|x86.ActiveCfg = Debug|Any CPU
		{A5212B5E-FC30-413E-B2A5-3D6FA61293FF}.Debug|x86.Build.0 = Debug|Any CPU
		{A5212B5E-FC30-413E-B2A5-3D6FA61293FF}.Release|Any CPU.ActiveCfg = Release|Any CPU
		{A5212B5E-FC30-413E-B2A5-3D6FA61293FF}.Release|Any CPU.Build.0 = Release|Any CPU
		{A5212B5E-FC30-413E-B2A5-3D6FA61293FF}.Release|ARM.ActiveCfg = Release|Any CPU
		{A5212B5E-FC30-413E-B2A5-3D6FA61293FF}.Release|ARM.Build.0 = Release|Any CPU
		{A5212B5E-FC30-413E-B2A5-3D6FA61293FF}.Release|iPhone.ActiveCfg = Release|Any CPU
		{A5212B5E-FC30-413E-B2A5-3D6FA61293FF}.Release|iPhone.Build.0 = Release|Any CPU
		{A5212B5E-FC30-413E-B2A5-3D6FA61293FF}.Release|iPhoneSimulator.ActiveCfg = Release|Any CPU
		{A5212B5E-FC30-413E-B2A5-3D6FA61293FF}.Release|iPhoneSimulator.Build.0 = Release|Any CPU
		{A5212B5E-FC30-413E-B2A5-3D6FA61293FF}.Release|x64.ActiveCfg = Release|Any CPU
		{A5212B5E-FC30-413E-B2A5-3D6FA61293FF}.Release|x64.Build.0 = Release|Any CPU
		{A5212B5E-FC30-413E-B2A5-3D6FA61293FF}.Release|x86.ActiveCfg = Release|Any CPU
		{A5212B5E-FC30-413E-B2A5-3D6FA61293FF}.Release|x86.Build.0 = Release|Any CPU
		{B8752E99-595D-4BDB-8C26-9D6C8128D9A5}.Ad-Hoc|Any CPU.ActiveCfg = Debug|Any CPU
		{B8752E99-595D-4BDB-8C26-9D6C8128D9A5}.Ad-Hoc|Any CPU.Build.0 = Debug|Any CPU
		{B8752E99-595D-4BDB-8C26-9D6C8128D9A5}.Ad-Hoc|ARM.ActiveCfg = Debug|Any CPU
		{B8752E99-595D-4BDB-8C26-9D6C8128D9A5}.Ad-Hoc|ARM.Build.0 = Debug|Any CPU
		{B8752E99-595D-4BDB-8C26-9D6C8128D9A5}.Ad-Hoc|iPhone.ActiveCfg = Debug|Any CPU
		{B8752E99-595D-4BDB-8C26-9D6C8128D9A5}.Ad-Hoc|iPhone.Build.0 = Debug|Any CPU
		{B8752E99-595D-4BDB-8C26-9D6C8128D9A5}.Ad-Hoc|iPhoneSimulator.ActiveCfg = Debug|Any CPU
		{B8752E99-595D-4BDB-8C26-9D6C8128D9A5}.Ad-Hoc|iPhoneSimulator.Build.0 = Debug|Any CPU
		{B8752E99-595D-4BDB-8C26-9D6C8128D9A5}.Ad-Hoc|x64.ActiveCfg = Debug|Any CPU
		{B8752E99-595D-4BDB-8C26-9D6C8128D9A5}.Ad-Hoc|x64.Build.0 = Debug|Any CPU
		{B8752E99-595D-4BDB-8C26-9D6C8128D9A5}.Ad-Hoc|x86.ActiveCfg = Debug|Any CPU
		{B8752E99-595D-4BDB-8C26-9D6C8128D9A5}.Ad-Hoc|x86.Build.0 = Debug|Any CPU
		{B8752E99-595D-4BDB-8C26-9D6C8128D9A5}.AppStore|Any CPU.ActiveCfg = Debug|Any CPU
		{B8752E99-595D-4BDB-8C26-9D6C8128D9A5}.AppStore|Any CPU.Build.0 = Debug|Any CPU
		{B8752E99-595D-4BDB-8C26-9D6C8128D9A5}.AppStore|ARM.ActiveCfg = Debug|Any CPU
		{B8752E99-595D-4BDB-8C26-9D6C8128D9A5}.AppStore|ARM.Build.0 = Debug|Any CPU
		{B8752E99-595D-4BDB-8C26-9D6C8128D9A5}.AppStore|iPhone.ActiveCfg = Debug|Any CPU
		{B8752E99-595D-4BDB-8C26-9D6C8128D9A5}.AppStore|iPhone.Build.0 = Debug|Any CPU
		{B8752E99-595D-4BDB-8C26-9D6C8128D9A5}.AppStore|iPhoneSimulator.ActiveCfg = Debug|Any CPU
		{B8752E99-595D-4BDB-8C26-9D6C8128D9A5}.AppStore|iPhoneSimulator.Build.0 = Debug|Any CPU
		{B8752E99-595D-4BDB-8C26-9D6C8128D9A5}.AppStore|x64.ActiveCfg = Debug|Any CPU
		{B8752E99-595D-4BDB-8C26-9D6C8128D9A5}.AppStore|x64.Build.0 = Debug|Any CPU
		{B8752E99-595D-4BDB-8C26-9D6C8128D9A5}.AppStore|x86.ActiveCfg = Debug|Any CPU
		{B8752E99-595D-4BDB-8C26-9D6C8128D9A5}.AppStore|x86.Build.0 = Debug|Any CPU
		{B8752E99-595D-4BDB-8C26-9D6C8128D9A5}.Debug|Any CPU.ActiveCfg = Debug|Any CPU
		{B8752E99-595D-4BDB-8C26-9D6C8128D9A5}.Debug|Any CPU.Build.0 = Debug|Any CPU
		{B8752E99-595D-4BDB-8C26-9D6C8128D9A5}.Debug|ARM.ActiveCfg = Debug|Any CPU
		{B8752E99-595D-4BDB-8C26-9D6C8128D9A5}.Debug|ARM.Build.0 = Debug|Any CPU
		{B8752E99-595D-4BDB-8C26-9D6C8128D9A5}.Debug|iPhone.ActiveCfg = Debug|Any CPU
		{B8752E99-595D-4BDB-8C26-9D6C8128D9A5}.Debug|iPhone.Build.0 = Debug|Any CPU
		{B8752E99-595D-4BDB-8C26-9D6C8128D9A5}.Debug|iPhoneSimulator.ActiveCfg = Debug|Any CPU
		{B8752E99-595D-4BDB-8C26-9D6C8128D9A5}.Debug|iPhoneSimulator.Build.0 = Debug|Any CPU
		{B8752E99-595D-4BDB-8C26-9D6C8128D9A5}.Debug|x64.ActiveCfg = Debug|Any CPU
		{B8752E99-595D-4BDB-8C26-9D6C8128D9A5}.Debug|x64.Build.0 = Debug|Any CPU
		{B8752E99-595D-4BDB-8C26-9D6C8128D9A5}.Debug|x86.ActiveCfg = Debug|Any CPU
		{B8752E99-595D-4BDB-8C26-9D6C8128D9A5}.Debug|x86.Build.0 = Debug|Any CPU
		{B8752E99-595D-4BDB-8C26-9D6C8128D9A5}.Release|Any CPU.ActiveCfg = Release|Any CPU
		{B8752E99-595D-4BDB-8C26-9D6C8128D9A5}.Release|Any CPU.Build.0 = Release|Any CPU
		{B8752E99-595D-4BDB-8C26-9D6C8128D9A5}.Release|ARM.ActiveCfg = Release|Any CPU
		{B8752E99-595D-4BDB-8C26-9D6C8128D9A5}.Release|ARM.Build.0 = Release|Any CPU
		{B8752E99-595D-4BDB-8C26-9D6C8128D9A5}.Release|iPhone.ActiveCfg = Release|Any CPU
		{B8752E99-595D-4BDB-8C26-9D6C8128D9A5}.Release|iPhone.Build.0 = Release|Any CPU
		{B8752E99-595D-4BDB-8C26-9D6C8128D9A5}.Release|iPhoneSimulator.ActiveCfg = Release|Any CPU
		{B8752E99-595D-4BDB-8C26-9D6C8128D9A5}.Release|iPhoneSimulator.Build.0 = Release|Any CPU
		{B8752E99-595D-4BDB-8C26-9D6C8128D9A5}.Release|x64.ActiveCfg = Release|Any CPU
		{B8752E99-595D-4BDB-8C26-9D6C8128D9A5}.Release|x64.Build.0 = Release|Any CPU
		{B8752E99-595D-4BDB-8C26-9D6C8128D9A5}.Release|x86.ActiveCfg = Release|Any CPU
		{B8752E99-595D-4BDB-8C26-9D6C8128D9A5}.Release|x86.Build.0 = Release|Any CPU
	EndGlobalSection
	GlobalSection(SolutionProperties) = preSolution
		HideSolutionNode = FALSE
	EndGlobalSection
	GlobalSection(ExtensibilityGlobals) = postSolution
		SolutionGuid = {90654EDE-C173-49EB-B87E-2670DA6A32F1}
	EndGlobalSection
EndGlobal
